
Microsoft Visual Studio Solution File, Format Version 12.00
# Visual Studio Version 16
VisualStudioVersion = 16.0.31112.23
MinimumVisualStudioVersion = 10.0.40219.1
Project("{FAE04EC0-301F-11D3-BF4B-00C04F79EFBC}") = "AdoptHospital.API", "AdoptHospital.API\AdoptHospital.API.csproj", "{9A1083CB-6334-4494-A200-B1E338133009}"
EndProject
Global
	GlobalSection(SolutionConfigurationPlatforms) = preSolution
		Debug|Any CPU = Debug|Any CPU
		Release|Any CPU = Release|Any CPU
	EndGlobalSection
	GlobalSection(ProjectConfigurationPlatforms) = postSolution
		{9A1083CB-6334-4494-A200-B1E338133009}.Debug|Any CPU.ActiveCfg = Debug|Any CPU
		{9A1083CB-6334-4494-A200-B1E338133009}.Debug|Any CPU.Build.0 = Debug|Any CPU
		{9A1083CB-6334-4494-A200-B1E338133009}.Release|Any CPU.ActiveCfg = Release|Any CPU
		{9A1083CB-6334-4494-A200-B1E338133009}.Release|Any CPU.Build.0 = Release|Any CPU
	EndGlobalSection
	GlobalSection(SolutionProperties) = preSolution
		HideSolutionNode = FALSE
	EndGlobalSection
	GlobalSection(ExtensibilityGlobals) = postSolution
		SolutionGuid = {2A85589B-70C1-4906-A08C-54E80E0A9C0A}
	EndGlobalSection
EndGlobal
